
Microsoft Visual Studio Solution File, Format Version 12.00
# Visual Studio 15
VisualStudioVersion = 15.0.28307.779
MinimumVisualStudioVersion = 10.0.40219.1
Project("{FAE04EC0-301F-11D3-BF4B-00C04F79EFBC}") = "Builder", "Builder\Builder.csproj", "{BC8D34CC-897F-4E49-9018-6F54D7941477}"
EndProject
Project("{FAE04EC0-301F-11D3-BF4B-00C04F79EFBC}") = "Prototype", "Prototype\Prototype.csproj", "{12B08167-0705-4AED-AFCE-FB6D71BE19DA}"
EndProject
Project("{FAE04EC0-301F-11D3-BF4B-00C04F79EFBC}") = "Singleton.NonThreadSafe", "Singleton.NonThreadSafe\Singleton.NonThreadSafe.csproj", "{A8A616CF-8EC7-4B50-802A-772D7B8AAB24}"
EndProject
Project("{FAE04EC0-301F-11D3-BF4B-00C04F79EFBC}") = "Singleton.ThreadSafe", "Singleton.ThreadSafe\Singleton.ThreadSafe.csproj", "{78EF5ED4-AFDE-484B-A7A9-CAD2C0953EEE}"
EndProject
Project("{FAE04EC0-301F-11D3-BF4B-00C04F79EFBC}") = "FactoryMethod", "FactoryMethod\FactoryMethod.csproj", "{310F56F5-17B9-4877-B83C-EB854B15884A}"
EndProject
Global
	GlobalSection(SolutionConfigurationPlatforms) = preSolution
		Debug|Any CPU = Debug|Any CPU
		Release|Any CPU = Release|Any CPU
	EndGlobalSection
	GlobalSection(ProjectConfigurationPlatforms) = postSolution
		{BC8D34CC-897F-4E49-9018-6F54D7941477}.Debug|Any CPU.ActiveCfg = Debug|Any CPU
		{BC8D34CC-897F-4E49-9018-6F54D7941477}.Debug|Any CPU.Build.0 = Debug|Any CPU
		{BC8D34CC-897F-4E49-9018-6F54D7941477}.Release|Any CPU.ActiveCfg = Release|Any CPU
		{BC8D34CC-897F-4E49-9018-6F54D7941477}.Release|Any CPU.Build.0 = Release|Any CPU
		{12B08167-0705-4AED-AFCE-FB6D71BE19DA}.Debug|Any CPU.ActiveCfg = Debug|Any CPU
		{12B08167-0705-4AED-AFCE-FB6D71BE19DA}.Debug|Any CPU.Build.0 = Debug|Any CPU
		{12B08167-0705-4AED-AFCE-FB6D71BE19DA}.Release|Any CPU.ActiveCfg = Release|Any CPU
		{12B08167-0705-4AED-AFCE-FB6D71BE19DA}.Release|Any CPU.Build.0 = Release|Any CPU
		{A8A616CF-8EC7-4B50-802A-772D7B8AAB24}.Debug|Any CPU.ActiveCfg = Debug|Any CPU
		{A8A616CF-8EC7-4B50-802A-772D7B8AAB24}.Debug|Any CPU.Build.0 = Debug|Any CPU
		{A8A616CF-8EC7-4B50-802A-772D7B8AAB24}.Release|Any CPU.ActiveCfg = Release|Any CPU
		{A8A616CF-8EC7-4B50-802A-772D7B8AAB24}.Release|Any CPU.Build.0 = Release|Any CPU
		{78EF5ED4-AFDE-484B-A7A9-CAD2C0953EEE}.Debug|Any CPU.ActiveCfg = Debug|Any CPU
		{78EF5ED4-AFDE-484B-A7A9-CAD2C0953EEE}.Debug|Any CPU.Build.0 = Debug|Any CPU
		{78EF5ED4-AFDE-484B-A7A9-CAD2C0953EEE}.Release|Any CPU.ActiveCfg = Release|Any CPU
		{78EF5ED4-AFDE-484B-A7A9-CAD2C0953EEE}.Release|Any CPU.Build.0 = Release|Any CPU
		{310F56F5-17B9-4877-B83C-EB854B15884A}.Debug|Any CPU.ActiveCfg = Debug|Any CPU
		{310F56F5-17B9-4877-B83C-EB854B15884A}.Debug|Any CPU.Build.0 = Debug|Any CPU
		{310F56F5-17B9-4877-B83C-EB854B15884A}.Release|Any CPU.ActiveCfg = Release|Any CPU
		{310F56F5-17B9-4877-B83C-EB854B15884A}.Release|Any CPU.Build.0 = Release|Any CPU
	EndGlobalSection
	GlobalSection(SolutionProperties) = preSolution
		HideSolutionNode = FALSE
	EndGlobalSection
	GlobalSection(ExtensibilityGlobals) = postSolution
		SolutionGuid = {5FBB3F3B-EF09-4262-A833-440440059482}
	EndGlobalSection
EndGlobal
